
Microsoft Visual Studio Solution File, Format Version 12.00
# Visual Studio Version 17
VisualStudioVersion = 17.3.32819.101
MinimumVisualStudioVersion = 10.0.40219.1
Project("{FAE04EC0-301F-11D3-BF4B-00C04F79EFBC}") = "Elementos de un arreglo", "Elementos de un arreglo\Elementos de un arreglo.csproj", "{2A5290D2-A40D-4AD9-80F7-6B79A01211D8}"
EndProject
Global
	GlobalSection(SolutionConfigurationPlatforms) = preSolution
		Debug|Any CPU = Debug|Any CPU
		Release|Any CPU = Release|Any CPU
	EndGlobalSection
	GlobalSection(ProjectConfigurationPlatforms) = postSolution
		{2A5290D2-A40D-4AD9-80F7-6B79A01211D8}.Debug|Any CPU.ActiveCfg = Debug|Any CPU
		{2A5290D2-A40D-4AD9-80F7-6B79A01211D8}.Debug|Any CPU.Build.0 = Debug|Any CPU
		{2A5290D2-A40D-4AD9-80F7-6B79A01211D8}.Release|Any CPU.ActiveCfg = Release|Any CPU
		{2A5290D2-A40D-4AD9-80F7-6B79A01211D8}.Release|Any CPU.Build.0 = Release|Any CPU
	EndGlobalSection
	GlobalSection(SolutionProperties) = preSolution
		HideSolutionNode = FALSE
	EndGlobalSection
	GlobalSection(ExtensibilityGlobals) = postSolution
		SolutionGuid = {79C3A41E-2CCE-47D3-8713-9F393B5B3AAF}
	EndGlobalSection
EndGlobal
